
Microsoft Visual Studio Solution File, Format Version 12.00
# Visual Studio 15
VisualStudioVersion = 15.0.28307.168
MinimumVisualStudioVersion = 10.0.40219.1
Project("{FAE04EC0-301F-11D3-BF4B-00C04F79EFBC}") = "CPLEXConcertEx1", "CPLEXConcertEx1\CPLEXConcertEx1.csproj", "{9DF86891-F999-4CCF-AE4A-2DED661AD02B}"
EndProject
Global
	GlobalSection(SolutionConfigurationPlatforms) = preSolution
		Debug|Any CPU = Debug|Any CPU
		Release|Any CPU = Release|Any CPU
	EndGlobalSection
	GlobalSection(ProjectConfigurationPlatforms) = postSolution
		{9DF86891-F999-4CCF-AE4A-2DED661AD02B}.Debug|Any CPU.ActiveCfg = Debug|Any CPU
		{9DF86891-F999-4CCF-AE4A-2DED661AD02B}.Debug|Any CPU.Build.0 = Debug|Any CPU
		{9DF86891-F999-4CCF-AE4A-2DED661AD02B}.Release|Any CPU.ActiveCfg = Release|Any CPU
		{9DF86891-F999-4CCF-AE4A-2DED661AD02B}.Release|Any CPU.Build.0 = Release|Any CPU
	EndGlobalSection
	GlobalSection(SolutionProperties) = preSolution
		HideSolutionNode = FALSE
	EndGlobalSection
	GlobalSection(ExtensibilityGlobals) = postSolution
		SolutionGuid = {CB91FBF6-B36D-499F-A19F-2F57DB034F39}
	EndGlobalSection
EndGlobal
